PODS:
  - flutter_blue_plus (0.0.1):
    - FlutterMacOS
  - FlutterMacOS (1.0.0)
  - shared_preferences_macos (0.0.1):
    - FlutterMacOS

DEPENDENCIES:
  - flutter_blue_plus (from `Flutter/ephemeral/.symlinks/plugins/flutter_blue_plus/macos`)
  - FlutterMacOS (from `Flutter/ephemeral`)
  - shared_preferences_macos (from `Flutter/ephemeral/.symlinks/plugins/shared_preferences_macos/macos`)

EXTERNAL SOURCES:
  flutter_blue_plus:
    :path: Flutter/ephemeral/.symlinks/plugins/flutter_blue_plus/macos
  FlutterMacOS:
    :path: Flutter/ephemeral
  shared_preferences_macos:
    :path: Flutter/ephemeral/.symlinks/plugins/shared_preferences_macos/macos

SPEC CHECKSUMS:
  flutter_blue_plus: e2868679021f19d12a8c0c58a33f1df66ec7fa6a
  FlutterMacOS: 8f6f14fa908a6fb3fba0cd85dbd81ec4b251fb24
  shared_preferences_macos: a64dc611287ed6cbe28fd1297898db1336975727

PODFILE CHECKSUM: 236401fc2c932af29a9fcf0e97baeeb2d750d367

COCOAPODS: 1.15.2
